
Microsoft Visual Studio Solution File, Format Version 12.00
# Visual Studio 15
VisualStudioVersion = 15.0.28307.902
MinimumVisualStudioVersion = 10.0.40219.1
Project("{FAE04EC0-301F-11D3-BF4B-00C04F79EFBC}") = "CoreWebApi", "CoreWebApi\CoreWebApi.csproj", "{124C1A72-4D5B-496D-8E7D-6D8B1224268E}"
EndProject
Global
	GlobalSection(SolutionConfigurationPlatforms) = preSolution
		Debug|Any CPU = Debug|Any CPU
		Release|Any CPU = Release|Any CPU
	EndGlobalSection
	GlobalSection(ProjectConfigurationPlatforms) = postSolution
		{124C1A72-4D5B-496D-8E7D-6D8B1224268E}.Debug|Any CPU.ActiveCfg = Debug|Any CPU
		{124C1A72-4D5B-496D-8E7D-6D8B1224268E}.Debug|Any CPU.Build.0 = Debug|Any CPU
		{124C1A72-4D5B-496D-8E7D-6D8B1224268E}.Release|Any CPU.ActiveCfg = Release|Any CPU
		{124C1A72-4D5B-496D-8E7D-6D8B1224268E}.Release|Any CPU.Build.0 = Release|Any CPU
	EndGlobalSection
	GlobalSection(SolutionProperties) = preSolution
		HideSolutionNode = FALSE
	EndGlobalSection
	GlobalSection(ExtensibilityGlobals) = postSolution
		SolutionGuid = {0E848B9E-D44C-400A-81BD-C44C338681FB}
	EndGlobalSection
EndGlobal
